// !$*UTF8*$!
{
	archiveVersion = 1;
	classes = {
	};
	objectVersion = 51;
	objects = {

/* Begin PBXBuildFile section */
		3D2B34A6167CDF3D52045591 /* Pods_MainChef.framework in Frameworks */ = {isa = PBXBuildFile; fileRef = DB9921F66C2AFBECF8A2A64F /* Pods_MainChef.framework */; };
		93A91E23277B326800D28085 /* SelectedIngredentCell.swift in Sources */ = {isa = PBXBuildFile; fileRef = 93A91E21277B326800D28085 /* SelectedIngredentCell.swift */; };
		93A91E24277B326800D28085 /* SelectedIngredentCell.xib in Resources */ = {isa = PBXBuildFile; fileRef = 93A91E22277B326800D28085 /* SelectedIngredentCell.xib */; };
		A203162C27C06549002BB225 /* SF-Pro-Text-Medium.otf in Resources */ = {isa = PBXBuildFile; fileRef = A203162B27C06549002BB225 /* SF-Pro-Text-Medium.otf */; };
		A203162F27C06DCD002BB225 /* UITextField + Ext.swift in Sources */ = {isa = PBXBuildFile; fileRef = A203162E27C06DCD002BB225 /* UITextField + Ext.swift */; };
		A220793B28A444FD000632FB /* UIViewController + Ext.swift in Sources */ = {isa = PBXBuildFile; fileRef = A220793A28A444FD000632FB /* UIViewController + Ext.swift */; };
		A226012827D50C1700E0F96F /* HeaderBackgoundView.swift in Sources */ = {isa = PBXBuildFile; fileRef = A226012727D50C1700E0F96F /* HeaderBackgoundView.swift */; };
		A265BD5728B1183F00D9590E /* RecipesRepository.swift in Sources */ = {isa = PBXBuildFile; fileRef = A265BD5628B1183F00D9590E /* RecipesRepository.swift */; };
		A265BD5A28B140A700D9590E /* RecipeRealm.swift in Sources */ = {isa = PBXBuildFile; fileRef = A265BD5928B140A700D9590E /* RecipeRealm.swift */; };
		A286535528BA88D1008B345C /* SearchViewModel.swift in Sources */ = {isa = PBXBuildFile; fileRef = A286535428BA88D1008B345C /* SearchViewModel.swift */; };
		A2890DAA28B037DB003ECD49 /* RecipeModel.swift in Sources */ = {isa = PBXBuildFile; fileRef = A2890DA928B037DB003ECD49 /* RecipeModel.swift */; };
		A2890DAC28B03C31003ECD49 /* CommonResources.swift in Sources */ = {isa = PBXBuildFile; fileRef = A2890DAB28B03C31003ECD49 /* CommonResources.swift */; };
		A295D66B28AA8D5D008746E4 /* IngredientTextField.swift in Sources */ = {isa = PBXBuildFile; fileRef = A295D66A28AA8D5D008746E4 /* IngredientTextField.swift */; };
		A2A6422127C3F6F700E025F7 /* StagesViewController.swift in Sources */ = {isa = PBXBuildFile; fileRef = A2A6422027C3F6F600E025F7 /* StagesViewController.swift */; };
		A2A6422327C40A9400E025F7 /* UIView + Ext.swift in Sources */ = {isa = PBXBuildFile; fileRef = A2A6422227C40A9400E025F7 /* UIView + Ext.swift */; };
		A2A6422627C4127500E025F7 /* RecipeStageCell.swift in Sources */ = {isa = PBXBuildFile; fileRef = A2A6422427C4127500E025F7 /* RecipeStageCell.swift */; };
		A2A6422727C4127500E025F7 /* RecipeStageCell.xib in Resources */ = {isa = PBXBuildFile; fileRef = A2A6422527C4127500E025F7 /* RecipeStageCell.xib */; };
		A2B421BA27D4EA7C000FB9CE /* RecipeDetailsViewController.swift in Sources */ = {isa = PBXBuildFile; fileRef = A2B421B827D4EA7C000FB9CE /* RecipeDetailsViewController.swift */; };
		A2B421BB27D4EA7C000FB9CE /* RecipeDetailsViewController.xib in Resources */ = {isa = PBXBuildFile; fileRef = A2B421B927D4EA7C000FB9CE /* RecipeDetailsViewController.xib */; };
		A2B67D9E28BBCC4500679CB6 /* RecipeDetailsViewModel.swift in Sources */ = {isa = PBXBuildFile; fileRef = A2B67D9D28BBCC4500679CB6 /* RecipeDetailsViewModel.swift */; };
		A2CDE3AA28B929EC001D2425 /* IngredientModel.swift in Sources */ = {isa = PBXBuildFile; fileRef = A2CDE3A928B929EC001D2425 /* IngredientModel.swift */; };
		A2CDE3AC28B94840001D2425 /* String + Ext.swift in Sources */ = {isa = PBXBuildFile; fileRef = A2CDE3AB28B94840001D2425 /* String + Ext.swift */; };
		A2CDE3AE28B9599B001D2425 /* IngredientRealm.swift in Sources */ = {isa = PBXBuildFile; fileRef = A2CDE3AD28B9599B001D2425 /* IngredientRealm.swift */; };
		A2CDE3B128B96184001D2425 /* Array + Ext.swift in Sources */ = {isa = PBXBuildFile; fileRef = A2CDE3B028B96184001D2425 /* Array + Ext.swift */; };
		A2CDE3B328B961B9001D2425 /* DomainConvertableType.swift in Sources */ = {isa = PBXBuildFile; fileRef = A2CDE3B228B961B9001D2425 /* DomainConvertableType.swift */; };
		A2CDE3B528B962D4001D2425 /* RealmDataConvertableType.swift in Sources */ = {isa = PBXBuildFile; fileRef = A2CDE3B428B962D3001D2425 /* RealmDataConvertableType.swift */; };
		A2DD75F9275FDD4700768178 /* SF-Pro-Text-Semibold.otf in Resources */ = {isa = PBXBuildFile; fileRef = A2DD75F8275FDD2700768178 /* SF-Pro-Text-Semibold.otf */; };
		A2E0208727C1744E0075604D /* SF-Pro.ttf in Resources */ = {isa = PBXBuildFile; fileRef = A2E0208627C1744E0075604D /* SF-Pro.ttf */; };
		A2E274ED27BFFA9600525C15 /* ProfileViewController.swift in Sources */ = {isa = PBXBuildFile; fileRef = A2E274EC27BFFA9600525C15 /* ProfileViewController.swift */; };
		A2E274EF27BFFB5500525C15 /* CreateRecipeViewController.swift in Sources */ = {isa = PBXBuildFile; fileRef = A2E274EE27BFFB5500525C15 /* CreateRecipeViewController.swift */; };
		A2FC6277272828F800EB3BCE /* Spinner.storyboard in Resources */ = {isa = PBXBuildFile; fileRef = A2FC6276272828F800EB3BCE /* Spinner.storyboard */; };
		A2FC627B2728297A00EB3BCE /* Search.storyboard in Resources */ = {isa = PBXBuildFile; fileRef = A2FC627A2728297A00EB3BCE /* Search.storyboard */; };
		A2FC627E2728299600EB3BCE /* SpinnerViewController.swift in Sources */ = {isa = PBXBuildFile; fileRef = A2FC627D2728299600EB3BCE /* SpinnerViewController.swift */; };
		A2FC6280272829AD00EB3BCE /* SearchViewController.swift in Sources */ = {isa = PBXBuildFile; fileRef = A2FC627F272829AD00EB3BCE /* SearchViewController.swift */; };
		A2FC628227282B2500EB3BCE /* CookbookViewController.swift in Sources */ = {isa = PBXBuildFile; fileRef = A2FC628127282B2500EB3BCE /* CookbookViewController.swift */; };
		A2FC628427282B3F00EB3BCE /* GroceryViewController.swift in Sources */ = {isa = PBXBuildFile; fileRef = A2FC628327282B3F00EB3BCE /* GroceryViewController.swift */; };
		A2FC628627282B6100EB3BCE /* Cookbook.storyboard in Resources */ = {isa = PBXBuildFile; fileRef = A2FC628527282B6100EB3BCE /* Cookbook.storyboard */; };
		A2FC628827282B9200EB3BCE /* Grocery.storyboard in Resources */ = {isa = PBXBuildFile; fileRef = A2FC628727282B9200EB3BCE /* Grocery.storyboard */; };
		A2FC628D272892D500EB3BCE /* DishCell.swift in Sources */ = {isa = PBXBuildFile; fileRef = A2FC628B272892D500EB3BCE /* DishCell.swift */; };
		A2FC628E272892D500EB3BCE /* DishCell.xib in Resources */ = {isa = PBXBuildFile; fileRef = A2FC628C272892D500EB3BCE /* DishCell.xib */; };
		A2FC62912728B9C800EB3BCE /* FoodCell.swift in Sources */ = {isa = PBXBuildFile; fileRef = A2FC628F2728B9C800EB3BCE /* FoodCell.swift */; };
		A2FC62922728B9C800EB3BCE /* FoodCell.xib in Resources */ = {isa = PBXBuildFile; fileRef = A2FC62902728B9C800EB3BCE /* FoodCell.xib */; };
		E147A0852159176200AD9178 /* AppDelegate.swift in Sources */ = {isa = PBXBuildFile; fileRef = E147A0842159176200AD9178 /* AppDelegate.swift */; };
		E147A08C2159176300AD9178 /* Assets.xcassets in Resources */ = {isa = PBXBuildFile; fileRef = E147A08B2159176300AD9178 /* Assets.xcassets */; };
		E147A08F2159176400AD9178 /* LaunchScreen.storyboard in Resources */ = {isa = PBXBuildFile; fileRef = E147A08D2159176400AD9178 /* LaunchScreen.storyboard */; };
/* End PBXBuildFile section */

/* Begin PBXFileReference section */
		0D86E1D2DDF7BF7BCEEC3690 /* Pods-MainChef.debug.xcconfig */ = {isa = PBXFileReference; includeInIndex = 1; lastKnownFileType = text.xcconfig; name = "Pods-MainChef.debug.xcconfig"; path = "Target Support Files/Pods-MainChef/Pods-MainChef.debug.xcconfig"; sourceTree = "<group>"; };
		6F01B75C9FBDA75DBB3088C1 /* Pods-MainChef.release.xcconfig */ = {isa = PBXFileReference; includeInIndex = 1; lastKnownFileType = text.xcconfig; name = "Pods-MainChef.release.xcconfig"; path = "Target Support Files/Pods-MainChef/Pods-MainChef.release.xcconfig"; sourceTree = "<group>"; };
		93A91E21277B326800D28085 /* SelectedIngredentCell.swift */ = {isa = PBXFileReference; lastKnownFileType = sourcecode.swift; path = SelectedIngredentCell.swift; sourceTree = "<group>"; };
		93A91E22277B326800D28085 /* SelectedIngredentCell.xib */ = {isa = PBXFileReference; lastKnownFileType = file.xib; path = SelectedIngredentCell.xib; sourceTree = "<group>"; };
		A203162B27C06549002BB225 /* SF-Pro-Text-Medium.otf */ = {isa = PBXFileReference; lastKnownFileType = file; path = "SF-Pro-Text-Medium.otf"; sourceTree = "<group>"; };
		A203162E27C06DCD002BB225 /* UITextField + Ext.swift */ = {isa = PBXFileReference; lastKnownFileType = sourcecode.swift; path = "UITextField + Ext.swift"; sourceTree = "<group>"; };
		A220793A28A444FD000632FB /* UIViewController + Ext.swift */ = {isa = PBXFileReference; lastKnownFileType = sourcecode.swift; path = "UIViewController + Ext.swift"; sourceTree = "<group>"; };
		A226012727D50C1700E0F96F /* HeaderBackgoundView.swift */ = {isa = PBXFileReference; lastKnownFileType = sourcecode.swift; path = HeaderBackgoundView.swift; sourceTree = "<group>"; };
		A265BD5628B1183F00D9590E /* RecipesRepository.swift */ = {isa = PBXFileReference; lastKnownFileType = sourcecode.swift; path = RecipesRepository.swift; sourceTree = "<group>"; };
		A265BD5928B140A700D9590E /* RecipeRealm.swift */ = {isa = PBXFileReference; lastKnownFileType = sourcecode.swift; path = RecipeRealm.swift; sourceTree = "<group>"; };
		A286535428BA88D1008B345C /* SearchViewModel.swift */ = {isa = PBXFileReference; lastKnownFileType = sourcecode.swift; path = SearchViewModel.swift; sourceTree = "<group>"; };
		A2890DA928B037DB003ECD49 /* RecipeModel.swift */ = {isa = PBXFileReference; lastKnownFileType = sourcecode.swift; path = RecipeModel.swift; sourceTree = "<group>"; };
		A2890DAB28B03C31003ECD49 /* CommonResources.swift */ = {isa = PBXFileReference; lastKnownFileType = sourcecode.swift; path = CommonResources.swift; sourceTree = "<group>"; };
		A295D66A28AA8D5D008746E4 /* IngredientTextField.swift */ = {isa = PBXFileReference; lastKnownFileType = sourcecode.swift; path = IngredientTextField.swift; sourceTree = "<group>"; };
		A2A6422027C3F6F600E025F7 /* StagesViewController.swift */ = {isa = PBXFileReference; lastKnownFileType = sourcecode.swift; path = StagesViewController.swift; sourceTree = "<group>"; };
		A2A6422227C40A9400E025F7 /* UIView + Ext.swift */ = {isa = PBXFileReference; lastKnownFileType = sourcecode.swift; path = "UIView + Ext.swift"; sourceTree = "<group>"; };
		A2A6422427C4127500E025F7 /* RecipeStageCell.swift */ = {isa = PBXFileReference; lastKnownFileType = sourcecode.swift; path = RecipeStageCell.swift; sourceTree = "<group>"; };
		A2A6422527C4127500E025F7 /* RecipeStageCell.xib */ = {isa = PBXFileReference; lastKnownFileType = file.xib; path = RecipeStageCell.xib; sourceTree = "<group>"; };
		A2B421B827D4EA7C000FB9CE /* RecipeDetailsViewController.swift */ = {isa = PBXFileReference; lastKnownFileType = sourcecode.swift; path = RecipeDetailsViewController.swift; sourceTree = "<group>"; };
		A2B421B927D4EA7C000FB9CE /* RecipeDetailsViewController.xib */ = {isa = PBXFileReference; lastKnownFileType = file.xib; path = RecipeDetailsViewController.xib; sourceTree = "<group>"; };
		A2B67D9D28BBCC4500679CB6 /* RecipeDetailsViewModel.swift */ = {isa = PBXFileReference; lastKnownFileType = sourcecode.swift; path = RecipeDetailsViewModel.swift; sourceTree = "<group>"; };
		A2CDE3A928B929EC001D2425 /* IngredientModel.swift */ = {isa = PBXFileReference; lastKnownFileType = sourcecode.swift; path = IngredientModel.swift; sourceTree = "<group>"; };
		A2CDE3AB28B94840001D2425 /* String + Ext.swift */ = {isa = PBXFileReference; lastKnownFileType = sourcecode.swift; path = "String + Ext.swift"; sourceTree = "<group>"; };
		A2CDE3AD28B9599B001D2425 /* IngredientRealm.swift */ = {isa = PBXFileReference; lastKnownFileType = sourcecode.swift; path = IngredientRealm.swift; sourceTree = "<group>"; };
		A2CDE3B028B96184001D2425 /* Array + Ext.swift */ = {isa = PBXFileReference; lastKnownFileType = sourcecode.swift; path = "Array + Ext.swift"; sourceTree = "<group>"; };
		A2CDE3B228B961B9001D2425 /* DomainConvertableType.swift */ = {isa = PBXFileReference; lastKnownFileType = sourcecode.swift; path = DomainConvertableType.swift; sourceTree = "<group>"; };
		A2CDE3B428B962D3001D2425 /* RealmDataConvertableType.swift */ = {isa = PBXFileReference; lastKnownFileType = sourcecode.swift; path = RealmDataConvertableType.swift; sourceTree = "<group>"; };
		A2DD75F8275FDD2700768178 /* SF-Pro-Text-Semibold.otf */ = {isa = PBXFileReference; lastKnownFileType = file; path = "SF-Pro-Text-Semibold.otf"; sourceTree = "<group>"; };
		A2E0208627C1744E0075604D /* SF-Pro.ttf */ = {isa = PBXFileReference; lastKnownFileType = file; path = "SF-Pro.ttf"; sourceTree = "<group>"; };
		A2E274EC27BFFA9600525C15 /* ProfileViewController.swift */ = {isa = PBXFileReference; lastKnownFileType = sourcecode.swift; path = ProfileViewController.swift; sourceTree = "<group>"; };
		A2E274EE27BFFB5500525C15 /* CreateRecipeViewController.swift */ = {isa = PBXFileReference; lastKnownFileType = sourcecode.swift; path = CreateRecipeViewController.swift; sourceTree = "<group>"; };
		A2FC6276272828F800EB3BCE /* Spinner.storyboard */ = {isa = PBXFileReference; lastKnownFileType = file.storyboard; path = Spinner.storyboard; sourceTree = "<group>"; };
		A2FC627A2728297A00EB3BCE /* Search.storyboard */ = {isa = PBXFileReference; lastKnownFileType = file.storyboard; path = Search.storyboard; sourceTree = "<group>"; };
		A2FC627D2728299600EB3BCE /* SpinnerViewController.swift */ = {isa = PBXFileReference; lastKnownFileType = sourcecode.swift; path = SpinnerViewController.swift; sourceTree = "<group>"; };
		A2FC627F272829AD00EB3BCE /* SearchViewController.swift */ = {isa = PBXFileReference; lastKnownFileType = sourcecode.swift; path = SearchViewController.swift; sourceTree = "<group>"; };
		A2FC628127282B2500EB3BCE /* CookbookViewController.swift */ = {isa = PBXFileReference; lastKnownFileType = sourcecode.swift; path = CookbookViewController.swift; sourceTree = "<group>"; };
		A2FC628327282B3F00EB3BCE /* GroceryViewController.swift */ = {isa = PBXFileReference; lastKnownFileType = sourcecode.swift; path = GroceryViewController.swift; sourceTree = "<group>"; };
		A2FC628527282B6100EB3BCE /* Cookbook.storyboard */ = {isa = PBXFileReference; lastKnownFileType = file.storyboard; path = Cookbook.storyboard; sourceTree = "<group>"; };
		A2FC628727282B9200EB3BCE /* Grocery.storyboard */ = {isa = PBXFileReference; lastKnownFileType = file.storyboard; path = Grocery.storyboard; sourceTree = "<group>"; };
		A2FC628B272892D500EB3BCE /* DishCell.swift */ = {isa = PBXFileReference; lastKnownFileType = sourcecode.swift; path = DishCell.swift; sourceTree = "<group>"; };
		A2FC628C272892D500EB3BCE /* DishCell.xib */ = {isa = PBXFileReference; lastKnownFileType = file.xib; path = DishCell.xib; sourceTree = "<group>"; };
		A2FC628F2728B9C800EB3BCE /* FoodCell.swift */ = {isa = PBXFileReference; lastKnownFileType = sourcecode.swift; path = FoodCell.swift; sourceTree = "<group>"; };
		A2FC62902728B9C800EB3BCE /* FoodCell.xib */ = {isa = PBXFileReference; lastKnownFileType = file.xib; path = FoodCell.xib; sourceTree = "<group>"; };
		DB9921F66C2AFBECF8A2A64F /* Pods_MainChef.framework */ = {isa = PBXFileReference; explicitFileType = wrapper.framework; includeInIndex = 0; path = Pods_MainChef.framework; sourceTree = BUILT_PRODUCTS_DIR; };
		E147A0812159176200AD9178 /* MainChef.app */ = {isa = PBXFileReference; explicitFileType = wrapper.application; includeInIndex = 0; path = MainChef.app; sourceTree = BUILT_PRODUCTS_DIR; };
		E147A0842159176200AD9178 /* AppDelegate.swift */ = {isa = PBXFileReference; lastKnownFileType = sourcecode.swift; path = AppDelegate.swift; sourceTree = "<group>"; };
		E147A08B2159176300AD9178 /* Assets.xcassets */ = {isa = PBXFileReference; lastKnownFileType = folder.assetcatalog; path = Assets.xcassets; sourceTree = "<group>"; };
		E147A08E2159176400AD9178 /* Base */ = {isa = PBXFileReference; lastKnownFileType = file.storyboard; name = Base; path = Base.lproj/LaunchScreen.storyboard; sourceTree = "<group>"; };
		E147A0902159176400AD9178 /* Info.plist */ = {isa = PBXFileReference; lastKnownFileType = text.plist.xml; path = Info.plist; sourceTree = "<group>"; };
/* End PBXFileReference section */

/* Begin PBXFrameworksBuildPhase section */
		E147A07E2159176200AD9178 /* Frameworks */ = {
			isa = PBXFrameworksBuildPhase;
			buildActionMask = 2147483647;
			files = (
				3D2B34A6167CDF3D52045591 /* Pods_MainChef.framework in Frameworks */,
			);
			runOnlyForDeploymentPostprocessing = 0;
		};
/* End PBXFrameworksBuildPhase section */

/* Begin PBXGroup section */
		7856FF26818C9B26386D783A /* Pods */ = {
			isa = PBXGroup;
			children = (
				0D86E1D2DDF7BF7BCEEC3690 /* Pods-MainChef.debug.xcconfig */,
				6F01B75C9FBDA75DBB3088C1 /* Pods-MainChef.release.xcconfig */,
			);
			path = Pods;
			sourceTree = "<group>";
		};
		868D0E52F7B4B13B1B8A4197 /* Frameworks */ = {
			isa = PBXGroup;
			children = (
				DB9921F66C2AFBECF8A2A64F /* Pods_MainChef.framework */,
			);
			name = Frameworks;
			sourceTree = "<group>";
		};
		A203162D27C06D91002BB225 /* Extensions */ = {
			isa = PBXGroup;
			children = (
				A203162E27C06DCD002BB225 /* UITextField + Ext.swift */,
				A2A6422227C40A9400E025F7 /* UIView + Ext.swift */,
				A220793A28A444FD000632FB /* UIViewController + Ext.swift */,
				A2CDE3AB28B94840001D2425 /* String + Ext.swift */,
				A2CDE3B028B96184001D2425 /* Array + Ext.swift */,
			);
			path = Extensions;
			sourceTree = "<group>";
		};
		A226012627D50BCA00E0F96F /* Support */ = {
			isa = PBXGroup;
			children = (
				A226012727D50C1700E0F96F /* HeaderBackgoundView.swift */,
				A2CDE3B228B961B9001D2425 /* DomainConvertableType.swift */,
				A2CDE3B428B962D3001D2425 /* RealmDataConvertableType.swift */,
			);
			path = Support;
			sourceTree = "<group>";
		};
		A265BD5828B1408900D9590E /* Realm */ = {
			isa = PBXGroup;
			children = (
				A265BD5928B140A700D9590E /* RecipeRealm.swift */,
				A2CDE3AD28B9599B001D2425 /* IngredientRealm.swift */,
			);
			path = Realm;
			sourceTree = "<group>";
		};
		A28160F928B29621002F2CF0 /* CreateRecipe */ = {
			isa = PBXGroup;
			children = (
				A2E274EE27BFFB5500525C15 /* CreateRecipeViewController.swift */,
				A2A6422027C3F6F600E025F7 /* StagesViewController.swift */,
			);
			path = CreateRecipe;
			sourceTree = "<group>";
		};
		A286535328BA88BD008B345C /* Search */ = {
			isa = PBXGroup;
			children = (
				A2FC627F272829AD00EB3BCE /* SearchViewController.swift */,
				A286535428BA88D1008B345C /* SearchViewModel.swift */,
			);
			path = Search;
			sourceTree = "<group>";
		};
		A2890DA728B037B2003ECD49 /* Data */ = {
			isa = PBXGroup;
			children = (
				A2CDE3AF28B95BC5001D2425 /* Repositories */,
				A2890DA828B037C1003ECD49 /* Model */,
				A265BD5828B1408900D9590E /* Realm */,
			);
			path = Data;
			sourceTree = "<group>";
		};
		A2890DA828B037C1003ECD49 /* Model */ = {
			isa = PBXGroup;
			children = (
				A2890DA928B037DB003ECD49 /* RecipeModel.swift */,
				A2CDE3A928B929EC001D2425 /* IngredientModel.swift */,
				A2890DAB28B03C31003ECD49 /* CommonResources.swift */,
			);
			path = Model;
			sourceTree = "<group>";
		};
		A295D66928AA8D37008746E4 /* Custom Implementations */ = {
			isa = PBXGroup;
			children = (
				A295D66A28AA8D5D008746E4 /* IngredientTextField.swift */,
			);
			path = "Custom Implementations";
			sourceTree = "<group>";
		};
		A2B421B727D4EA4B000FB9CE /* Scenes */ = {
			isa = PBXGroup;
			children = (
				A2B421B827D4EA7C000FB9CE /* RecipeDetailsViewController.swift */,
				A2B421B927D4EA7C000FB9CE /* RecipeDetailsViewController.xib */,
				A2B67D9D28BBCC4500679CB6 /* RecipeDetailsViewModel.swift */,
			);
			path = Scenes;
			sourceTree = "<group>";
		};
		A2B7FC8327D3FCEC006B1663 /* TableViews */ = {
			isa = PBXGroup;
			children = (
				A2FC628F2728B9C800EB3BCE /* FoodCell.swift */,
				A2FC62902728B9C800EB3BCE /* FoodCell.xib */,
				A2A6422427C4127500E025F7 /* RecipeStageCell.swift */,
				A2A6422527C4127500E025F7 /* RecipeStageCell.xib */,
			);
			path = TableViews;
			sourceTree = "<group>";
		};
		A2B7FC8427D3FD4D006B1663 /* CollectionViews */ = {
			isa = PBXGroup;
			children = (
				A2FC628B272892D500EB3BCE /* DishCell.swift */,
				A2FC628C272892D500EB3BCE /* DishCell.xib */,
				93A91E21277B326800D28085 /* SelectedIngredentCell.swift */,
				93A91E22277B326800D28085 /* SelectedIngredentCell.xib */,
			);
			path = CollectionViews;
			sourceTree = "<group>";
		};
		A2CDE3AF28B95BC5001D2425 /* Repositories */ = {
			isa = PBXGroup;
			children = (
				A265BD5628B1183F00D9590E /* RecipesRepository.swift */,
			);
			path = Repositories;
			sourceTree = "<group>";
		};
		A2DD75F6275FDCB500768178 /* Resources */ = {
			isa = PBXGroup;
			children = (
				A2DD75F7275FDCC700768178 /* SFProText */,
			);
			path = Resources;
			sourceTree = "<group>";
		};
		A2DD75F7275FDCC700768178 /* SFProText */ = {
			isa = PBXGroup;
			children = (
				A2DD75F8275FDD2700768178 /* SF-Pro-Text-Semibold.otf */,
				A203162B27C06549002BB225 /* SF-Pro-Text-Medium.otf */,
				A2E0208627C1744E0075604D /* SF-Pro.ttf */,
			);
			path = SFProText;
			sourceTree = "<group>";
		};
		A2FC62792728293900EB3BCE /* Storyboards */ = {
			isa = PBXGroup;
			children = (
				A2FC6276272828F800EB3BCE /* Spinner.storyboard */,
				A2FC627A2728297A00EB3BCE /* Search.storyboard */,
				A2FC628527282B6100EB3BCE /* Cookbook.storyboard */,
				A2FC628727282B9200EB3BCE /* Grocery.storyboard */,
			);
			path = Storyboards;
			sourceTree = "<group>";
		};
		A2FC627C2728297E00EB3BCE /* ViewControllers */ = {
			isa = PBXGroup;
			children = (
				A2FC627D2728299600EB3BCE /* SpinnerViewController.swift */,
				A286535328BA88BD008B345C /* Search */,
				A2FC628127282B2500EB3BCE /* CookbookViewController.swift */,
				A2FC628327282B3F00EB3BCE /* GroceryViewController.swift */,
				A2E274EC27BFFA9600525C15 /* ProfileViewController.swift */,
				A28160F928B29621002F2CF0 /* CreateRecipe */,
			);
			path = ViewControllers;
			sourceTree = "<group>";
		};
		A2FC628A272892AB00EB3BCE /* Views */ = {
			isa = PBXGroup;
			children = (
				A2B421B727D4EA4B000FB9CE /* Scenes */,
				A2B7FC8427D3FD4D006B1663 /* CollectionViews */,
				A2B7FC8327D3FCEC006B1663 /* TableViews */,
				A295D66928AA8D37008746E4 /* Custom Implementations */,
			);
			path = Views;
			sourceTree = "<group>";
		};
		E147A0782159176200AD9178 = {
			isa = PBXGroup;
			children = (
				E147A0832159176200AD9178 /* MainChef */,
				E147A0822159176200AD9178 /* Products */,
				7856FF26818C9B26386D783A /* Pods */,
				868D0E52F7B4B13B1B8A4197 /* Frameworks */,
			);
			sourceTree = "<group>";
		};
		E147A0822159176200AD9178 /* Products */ = {
			isa = PBXGroup;
			children = (
				E147A0812159176200AD9178 /* MainChef.app */,
			);
			name = Products;
			sourceTree = "<group>";
		};
		E147A0832159176200AD9178 /* MainChef */ = {
			isa = PBXGroup;
			children = (
				E147A0842159176200AD9178 /* AppDelegate.swift */,
				A2890DA728B037B2003ECD49 /* Data */,
				A203162D27C06D91002BB225 /* Extensions */,
				A226012627D50BCA00E0F96F /* Support */,
				A2FC628A272892AB00EB3BCE /* Views */,
				A2FC627C2728297E00EB3BCE /* ViewControllers */,
				A2FC62792728293900EB3BCE /* Storyboards */,
				A2DD75F6275FDCB500768178 /* Resources */,
				E147A08D2159176400AD9178 /* LaunchScreen.storyboard */,
				E147A0902159176400AD9178 /* Info.plist */,
				E147A08B2159176300AD9178 /* Assets.xcassets */,
			);
			path = MainChef;
			sourceTree = "<group>";
		};
/* End PBXGroup section */

/* Begin PBXNativeTarget section */
		E147A0802159176200AD9178 /* MainChef */ = {
			isa = PBXNativeTarget;
			buildConfigurationList = E147A0932159176400AD9178 /* Build configuration list for PBXNativeTarget "MainChef" */;
			buildPhases = (
				50F55CA43D2D469C8F6F41DE /* [CP] Check Pods Manifest.lock */,
				E147A07D2159176200AD9178 /* Sources */,
				E147A07E2159176200AD9178 /* Frameworks */,
				E147A07F2159176200AD9178 /* Resources */,
				440654F3368200753A200EFF /* [CP] Embed Pods Frameworks */,
			);
			buildRules = (
			);
			dependencies = (
			);
			name = MainChef;
			productName = InstagramApp;
			productReference = E147A0812159176200AD9178 /* MainChef.app */;
			productType = "com.apple.product-type.application";
		};
/* End PBXNativeTarget section */

/* Begin PBXProject section */
		E147A0792159176200AD9178 /* Project object */ = {
			isa = PBXProject;
			attributes = {
				LastSwiftUpdateCheck = 1000;
				LastUpgradeCheck = 1250;
				ORGANIZATIONNAME = "Gwinyai Nyatsoka";
				TargetAttributes = {
					E147A0802159176200AD9178 = {
						CreatedOnToolsVersion = 10.0;
						LastSwiftMigration = 1310;
					};
				};
			};
			buildConfigurationList = E147A07C2159176200AD9178 /* Build configuration list for PBXProject "MainChef" */;
			compatibilityVersion = "Xcode 9.3";
			developmentRegion = en;
			hasScannedForEncodings = 0;
			knownRegions = (
				en,
				Base,
			);
			mainGroup = E147A0782159176200AD9178;
			productRefGroup = E147A0822159176200AD9178 /* Products */;
			projectDirPath = "";
			projectRoot = "";
			targets = (
				E147A0802159176200AD9178 /* MainChef */,
			);
		};
/* End PBXProject section */

/* Begin PBXResourcesBuildPhase section */
		E147A07F2159176200AD9178 /* Resources */ = {
			isa = PBXResourcesBuildPhase;
			buildActionMask = 2147483647;
			files = (
				A2FC6277272828F800EB3BCE /* Spinner.storyboard in Resources */,
				A2E0208727C1744E0075604D /* SF-Pro.ttf in Resources */,
				A2FC62922728B9C800EB3BCE /* FoodCell.xib in Resources */,
				A2B421BB27D4EA7C000FB9CE /* RecipeDetailsViewController.xib in Resources */,
				E147A08F2159176400AD9178 /* LaunchScreen.storyboard in Resources */,
				A2FC628627282B6100EB3BCE /* Cookbook.storyboard in Resources */,
				A2FC628E272892D500EB3BCE /* DishCell.xib in Resources */,
				A203162C27C06549002BB225 /* SF-Pro-Text-Medium.otf in Resources */,
				A2FC627B2728297A00EB3BCE /* Search.storyboard in Resources */,
				A2A6422727C4127500E025F7 /* RecipeStageCell.xib in Resources */,
				93A91E24277B326800D28085 /* SelectedIngredentCell.xib in Resources */,
				A2DD75F9275FDD4700768178 /* SF-Pro-Text-Semibold.otf in Resources */,
				A2FC628827282B9200EB3BCE /* Grocery.storyboard in Resources */,
				E147A08C2159176300AD9178 /* Assets.xcassets in Resources */,
			);
			runOnlyForDeploymentPostprocessing = 0;
		};
/* End PBXResourcesBuildPhase section */

/* Begin PBXShellScriptBuildPhase section */
		440654F3368200753A200EFF /* [CP] Embed Pods Frameworks */ = {
			isa = PBXShellScriptBuildPhase;
			buildActionMask = 2147483647;
			files = (
			);
			inputFileListPaths = (
				"${PODS_ROOT}/Target Support Files/Pods-MainChef/Pods-MainChef-frameworks-${CONFIGURATION}-input-files.xcfilelist",
			);
			name = "[CP] Embed Pods Frameworks";
			outputFileListPaths = (
				"${PODS_ROOT}/Target Support Files/Pods-MainChef/Pods-MainChef-frameworks-${CONFIGURATION}-output-files.xcfilelist",
			);
			runOnlyForDeploymentPostprocessing = 0;
			shellPath = /bin/sh;
			shellScript = "\"${PODS_ROOT}/Target Support Files/Pods-MainChef/Pods-MainChef-frameworks.sh\"\n";
			showEnvVarsInLog = 0;
		};
		50F55CA43D2D469C8F6F41DE /* [CP] Check Pods Manifest.lock */ = {
			isa = PBXShellScriptBuildPhase;
			buildActionMask = 2147483647;
			files = (
			);
			inputFileListPaths = (
			);
			inputPaths = (
				"${PODS_PODFILE_DIR_PATH}/Podfile.lock",
				"${PODS_ROOT}/Manifest.lock",
			);
			name = "[CP] Check Pods Manifest.lock";
			outputFileListPaths = (
			);
			outputPaths = (
				"$(DERIVED_FILE_DIR)/Pods-MainChef-checkManifestLockResult.txt",
			);
			runOnlyForDeploymentPostprocessing = 0;
			shellPath = /bin/sh;
			shellScript = "diff \"${PODS_PODFILE_DIR_PATH}/Podfile.lock\" \"${PODS_ROOT}/Manifest.lock\" > /dev/null\nif [ $? != 0 ] ; then\n    # print error to STDERR\n    echo \"error: The sandbox is not in sync with the Podfile.lock. Run 'pod install' or update your CocoaPods installation.\" >&2\n    exit 1\nfi\n# This output is used by Xcode 'outputs' to avoid re-running this script phase.\necho \"SUCCESS\" > \"${SCRIPT_OUTPUT_FILE_0}\"\n";
			showEnvVarsInLog = 0;
		};
/* End PBXShellScriptBuildPhase section */

/* Begin PBXSourcesBuildPhase section */
		E147A07D2159176200AD9178 /* Sources */ = {
			isa = PBXSourcesBuildPhase;
			buildActionMask = 2147483647;
			files = (
				A2CDE3AC28B94840001D2425 /* String + Ext.swift in Sources */,
				A2B67D9E28BBCC4500679CB6 /* RecipeDetailsViewModel.swift in Sources */,
				A2FC6280272829AD00EB3BCE /* SearchViewController.swift in Sources */,
				A2890DAC28B03C31003ECD49 /* CommonResources.swift in Sources */,
				A203162F27C06DCD002BB225 /* UITextField + Ext.swift in Sources */,
				A2E274EF27BFFB5500525C15 /* CreateRecipeViewController.swift in Sources */,
				A2E274ED27BFFA9600525C15 /* ProfileViewController.swift in Sources */,
				A2FC627E2728299600EB3BCE /* SpinnerViewController.swift in Sources */,
				A2CDE3B528B962D4001D2425 /* RealmDataConvertableType.swift in Sources */,
				A2CDE3B328B961B9001D2425 /* DomainConvertableType.swift in Sources */,
				A2CDE3B128B96184001D2425 /* Array + Ext.swift in Sources */,
				A2FC628427282B3F00EB3BCE /* GroceryViewController.swift in Sources */,
				A2FC62912728B9C800EB3BCE /* FoodCell.swift in Sources */,
				A2A6422327C40A9400E025F7 /* UIView + Ext.swift in Sources */,
				A2A6422127C3F6F700E025F7 /* StagesViewController.swift in Sources */,
				A2FC628227282B2500EB3BCE /* CookbookViewController.swift in Sources */,
				A2B421BA27D4EA7C000FB9CE /* RecipeDetailsViewController.swift in Sources */,
				A2A6422627C4127500E025F7 /* RecipeStageCell.swift in Sources */,
				A295D66B28AA8D5D008746E4 /* IngredientTextField.swift in Sources */,
				A286535528BA88D1008B345C /* SearchViewModel.swift in Sources */,
				93A91E23277B326800D28085 /* SelectedIngredentCell.swift in Sources */,
				A2CDE3AE28B9599B001D2425 /* IngredientRealm.swift in Sources */,
				A226012827D50C1700E0F96F /* HeaderBackgoundView.swift in Sources */,
				A2FC628D272892D500EB3BCE /* DishCell.swift in Sources */,
				A265BD5A28B140A700D9590E /* RecipeRealm.swift in Sources */,
				A2890DAA28B037DB003ECD49 /* RecipeModel.swift in Sources */,
				A2CDE3AA28B929EC001D2425 /* IngredientModel.swift in Sources */,
				A265BD5728B1183F00D9590E /* RecipesRepository.swift in Sources */,
				A220793B28A444FD000632FB /* UIViewController + Ext.swift in Sources */,
				E147A0852159176200AD9178 /* AppDelegate.swift in Sources */,
			);
			runOnlyForDeploymentPostprocessing = 0;
		};
/* End PBXSourcesBuildPhase section */

/* Begin PBXVariantGroup section */
		E147A08D2159176400AD9178 /* LaunchScreen.storyboard */ = {
			isa = PBXVariantGroup;
			children = (
				E147A08E2159176400AD9178 /* Base */,
			);
			name = LaunchScreen.storyboard;
			sourceTree = "<group>";
		};
/* End PBXVariantGroup section */

/* Begin XCBuildConfiguration section */
		E147A0912159176400AD9178 /* Debug */ = {
			isa = XCBuildConfiguration;
			buildSettings = {
				ALWAYS_SEARCH_USER_PATHS = NO;
				CLANG_ANALYZER_NONNULL = YES;
				CLANG_ANALYZER_NUMBER_OBJECT_CONVERSION = YES_AGGRESSIVE;
				CLANG_CXX_LANGUAGE_STANDARD = "gnu++14";
				CLANG_CXX_LIBRARY = "libc++";
				CLANG_ENABLE_MODULES = YES;
				CLANG_ENABLE_OBJC_ARC = YES;
				CLANG_ENABLE_OBJC_WEAK = YES;
				CLANG_WARN_BLOCK_CAPTURE_AUTORELEASING = YES;
				CLANG_WARN_BOOL_CONVERSION = YES;
				CLANG_WARN_COMMA = YES;
				CLANG_WARN_CONSTANT_CONVERSION = YES;
				CLANG_WARN_DEPRECATED_OBJC_IMPLEMENTATIONS = YES;
				CLANG_WARN_DIRECT_OBJC_ISA_USAGE = YES_ERROR;
				CLANG_WARN_DOCUMENTATION_COMMENTS = YES;
				CLANG_WARN_EMPTY_BODY = YES;
				CLANG_WARN_ENUM_CONVERSION = YES;
				CLANG_WARN_INFINITE_RECURSION = YES;
				CLANG_WARN_INT_CONVERSION = YES;
				CLANG_WARN_NON_LITERAL_NULL_CONVERSION = YES;
				CLANG_WARN_OBJC_IMPLICIT_RETAIN_SELF = YES;
				CLANG_WARN_OBJC_LITERAL_CONVERSION = YES;
				CLANG_WARN_OBJC_ROOT_CLASS = YES_ERROR;
				CLANG_WARN_QUOTED_INCLUDE_IN_FRAMEWORK_HEADER = YES;
				CLANG_WARN_RANGE_LOOP_ANALYSIS = YES;
				CLANG_WARN_STRICT_PROTOTYPES = YES;
				CLANG_WARN_SUSPICIOUS_MOVE = YES;
				CLANG_WARN_UNGUARDED_AVAILABILITY = YES_AGGRESSIVE;
				CLANG_WARN_UNREACHABLE_CODE = YES;
				CLANG_WARN__DUPLICATE_METHOD_MATCH = YES;
				CODE_SIGN_IDENTITY = "iPhone Developer";
				COPY_PHASE_STRIP = NO;
				DEBUG_INFORMATION_FORMAT = dwarf;
				ENABLE_STRICT_OBJC_MSGSEND = YES;
				ENABLE_TESTABILITY = YES;
				GCC_C_LANGUAGE_STANDARD = gnu11;
				GCC_DYNAMIC_NO_PIC = NO;
				GCC_NO_COMMON_BLOCKS = YES;
				GCC_OPTIMIZATION_LEVEL = 0;
				GCC_PREPROCESSOR_DEFINITIONS = (
					"DEBUG=1",
					"$(inherited)",
				);
				GCC_WARN_64_TO_32_BIT_CONVERSION = YES;
				GCC_WARN_ABOUT_RETURN_TYPE = YES_ERROR;
				GCC_WARN_UNDECLARED_SELECTOR = YES;
				GCC_WARN_UNINITIALIZED_AUTOS = YES_AGGRESSIVE;
				GCC_WARN_UNUSED_FUNCTION = YES;
				GCC_WARN_UNUSED_VARIABLE = YES;
				IPHONEOS_DEPLOYMENT_TARGET = 12.0;
				MTL_ENABLE_DEBUG_INFO = INCLUDE_SOURCE;
				MTL_FAST_MATH = YES;
				ONLY_ACTIVE_ARCH = YES;
				SDKROOT = iphoneos;
				SWIFT_ACTIVE_COMPILATION_CONDITIONS = DEBUG;
				SWIFT_OPTIMIZATION_LEVEL = "-Onone";
			};
			name = Debug;
		};
		E147A0922159176400AD9178 /* Release */ = {
			isa = XCBuildConfiguration;
			buildSettings = {
				ALWAYS_SEARCH_USER_PATHS = NO;
				CLANG_ANALYZER_NONNULL = YES;
				CLANG_ANALYZER_NUMBER_OBJECT_CONVERSION = YES_AGGRESSIVE;
				CLANG_CXX_LANGUAGE_STANDARD = "gnu++14";
				CLANG_CXX_LIBRARY = "libc++";
				CLANG_ENABLE_MODULES = YES;
				CLANG_ENABLE_OBJC_ARC = YES;
				CLANG_ENABLE_OBJC_WEAK = YES;
				CLANG_WARN_BLOCK_CAPTURE_AUTORELEASING = YES;
				CLANG_WARN_BOOL_CONVERSION = YES;
				CLANG_WARN_COMMA = YES;
				CLANG_WARN_CONSTANT_CONVERSION = YES;
				CLANG_WARN_DEPRECATED_OBJC_IMPLEMENTATIONS = YES;
				CLANG_WARN_DIRECT_OBJC_ISA_USAGE = YES_ERROR;
				CLANG_WARN_DOCUMENTATION_COMMENTS = YES;
				CLANG_WARN_EMPTY_BODY = YES;
				CLANG_WARN_ENUM_CONVERSION = YES;
				CLANG_WARN_INFINITE_RECURSION = YES;
				CLANG_WARN_INT_CONVERSION = YES;
				CLANG_WARN_NON_LITERAL_NULL_CONVERSION = YES;
				CLANG_WARN_OBJC_IMPLICIT_RETAIN_SELF = YES;
				CLANG_WARN_OBJC_LITERAL_CONVERSION = YES;
				CLANG_WARN_OBJC_ROOT_CLASS = YES_ERROR;
				CLANG_WARN_QUOTED_INCLUDE_IN_FRAMEWORK_HEADER = YES;
				CLANG_WARN_RANGE_LOOP_ANALYSIS = YES;
				CLANG_WARN_STRICT_PROTOTYPES = YES;
				CLANG_WARN_SUSPICIOUS_MOVE = YES;
				CLANG_WARN_UNGUARDED_AVAILABILITY = YES_AGGRESSIVE;
				CLANG_WARN_UNREACHABLE_CODE = YES;
				CLANG_WARN__DUPLICATE_METHOD_MATCH = YES;
				CODE_SIGN_IDENTITY = "iPhone Developer";
				COPY_PHASE_STRIP = NO;
				DEBUG_INFORMATION_FORMAT = "dwarf-with-dsym";
				ENABLE_NS_ASSERTIONS = NO;
				ENABLE_STRICT_OBJC_MSGSEND = YES;
				GCC_C_LANGUAGE_STANDARD = gnu11;
				GCC_NO_COMMON_BLOCKS = YES;
				GCC_WARN_64_TO_32_BIT_CONVERSION = YES;
				GCC_WARN_ABOUT_RETURN_TYPE = YES_ERROR;
				GCC_WARN_UNDECLARED_SELECTOR = YES;
				GCC_WARN_UNINITIALIZED_AUTOS = YES_AGGRESSIVE;
				GCC_WARN_UNUSED_FUNCTION = YES;
				GCC_WARN_UNUSED_VARIABLE = YES;
				IPHONEOS_DEPLOYMENT_TARGET = 12.0;
				MTL_ENABLE_DEBUG_INFO = NO;
				MTL_FAST_MATH = YES;
				SDKROOT = iphoneos;
				SWIFT_COMPILATION_MODE = wholemodule;
				SWIFT_OPTIMIZATION_LEVEL = "-O";
				VALIDATE_PRODUCT = YES;
			};
			name = Release;
		};
		E147A0942159176400AD9178 /* Debug */ = {
			isa = XCBuildConfiguration;
			baseConfigurationReference = 0D86E1D2DDF7BF7BCEEC3690 /* Pods-MainChef.debug.xcconfig */;
			buildSettings = {
				ASSETCATALOG_COMPILER_APPICON_NAME = AppIcon;
				CODE_SIGN_STYLE = Automatic;
				DEVELOPMENT_TEAM = F75Y2M3DZF;
				INFOPLIST_FILE = MainChef/Info.plist;
				IPHONEOS_DEPLOYMENT_TARGET = 13.0;
				LD_RUNPATH_SEARCH_PATHS = (
					"$(inherited)",
					"@executable_path/Frameworks",
				);
				PRODUCT_BUNDLE_IDENTIFIER = com.AE.MainChef;
				PRODUCT_NAME = "$(TARGET_NAME)";
				SWIFT_VERSION = 5.0;
				TARGETED_DEVICE_FAMILY = 1;
			};
			name = Debug;
		};
		E147A0952159176400AD9178 /* Release */ = {
			isa = XCBuildConfiguration;
			baseConfigurationReference = 6F01B75C9FBDA75DBB3088C1 /* Pods-MainChef.release.xcconfig */;
			buildSettings = {
				ASSETCATALOG_COMPILER_APPICON_NAME = AppIcon;
				CODE_SIGN_STYLE = Automatic;
				DEVELOPMENT_TEAM = F75Y2M3DZF;
				INFOPLIST_FILE = MainChef/Info.plist;
				IPHONEOS_DEPLOYMENT_TARGET = 13.0;
				LD_RUNPATH_SEARCH_PATHS = (
					"$(inherited)",
					"@executable_path/Frameworks",
				);
				PRODUCT_BUNDLE_IDENTIFIER = com.AE.MainChef;
				PRODUCT_NAME = "$(TARGET_NAME)";
				SWIFT_VERSION = 5.0;
				TARGETED_DEVICE_FAMILY = 1;
			};
			name = Release;
		};
/* End XCBuildConfiguration section */

/* Begin XCConfigurationList section */
		E147A07C2159176200AD9178 /* Build configuration list for PBXProject "MainChef" */ = {
			isa = XCConfigurationList;
			buildConfigurations = (
				E147A0912159176400AD9178 /* Debug */,
				E147A0922159176400AD9178 /* Release */,
			);
			defaultConfigurationIsVisible = 0;
			defaultConfigurationName = Release;
		};
		E147A0932159176400AD9178 /* Build configuration list for PBXNativeTarget "MainChef" */ = {
			isa = XCConfigurationList;
			buildConfigurations = (
				E147A0942159176400AD9178 /* Debug */,
				E147A0952159176400AD9178 /* Release */,
			);
			defaultConfigurationIsVisible = 0;
			defaultConfigurationName = Release;
		};
/* End XCConfigurationList section */
	};
	rootObject = E147A0792159176200AD9178 /* Project object */;
}
